
Microsoft Visual Studio Solution File, Format Version 12.00
# Visual Studio Version 17
VisualStudioVersion = 17.9.34607.119
MinimumVisualStudioVersion = 10.0.40219.1
Project("{FAE04EC0-301F-11D3-BF4B-00C04F79EFBC}") = "Entities", "Entities\Entities.csproj", "{89164B0B-48B7-4F46-9242-50B2C42B2D49}"
EndProject
Project("{FAE04EC0-301F-11D3-BF4B-00C04F79EFBC}") = "DataAccess", "DataAccess\DataAccess.csproj", "{3E8ECC01-04D7-4EEC-9DFC-712E0EA55D25}"
EndProject
Project("{FAE04EC0-301F-11D3-BF4B-00C04F79EFBC}") = "Business", "Business\Business.csproj", "{CC2437E0-45E8-4FD2-8C2A-F2C9F7219BEB}"
EndProject
Project("{FAE04EC0-301F-11D3-BF4B-00C04F79EFBC}") = "Core", "Core\Core.csproj", "{7C22305B-6FF7-4094-A65A-DBBFE9226B47}"
EndProject
Project("{FAE04EC0-301F-11D3-BF4B-00C04F79EFBC}") = "WebAPI", "WebAPI\WebAPI.csproj", "{2C8CE8C7-C9BC-431C-825C-78B7E2B6EA3E}"
EndProject
Global
	GlobalSection(SolutionConfigurationPlatforms) = preSolution
		Debug|Any CPU = Debug|Any CPU
		Release|Any CPU = Release|Any CPU
	EndGlobalSection
	GlobalSection(ProjectConfigurationPlatforms) = postSolution
		{89164B0B-48B7-4F46-9242-50B2C42B2D49}.Debug|Any CPU.ActiveCfg = Debug|Any CPU
		{89164B0B-48B7-4F46-9242-50B2C42B2D49}.Debug|Any CPU.Build.0 = Debug|Any CPU
		{89164B0B-48B7-4F46-9242-50B2C42B2D49}.Release|Any CPU.ActiveCfg = Release|Any CPU
		{89164B0B-48B7-4F46-9242-50B2C42B2D49}.Release|Any CPU.Build.0 = Release|Any CPU
		{3E8ECC01-04D7-4EEC-9DFC-712E0EA55D25}.Debug|Any CPU.ActiveCfg = Debug|Any CPU
		{3E8ECC01-04D7-4EEC-9DFC-712E0EA55D25}.Debug|Any CPU.Build.0 = Debug|Any CPU
		{3E8ECC01-04D7-4EEC-9DFC-712E0EA55D25}.Release|Any CPU.ActiveCfg = Release|Any CPU
		{3E8ECC01-04D7-4EEC-9DFC-712E0EA55D25}.Release|Any CPU.Build.0 = Release|Any CPU
		{CC2437E0-45E8-4FD2-8C2A-F2C9F7219BEB}.Debug|Any CPU.ActiveCfg = Debug|Any CPU
		{CC2437E0-45E8-4FD2-8C2A-F2C9F7219BEB}.Debug|Any CPU.Build.0 = Debug|Any CPU
		{CC2437E0-45E8-4FD2-8C2A-F2C9F7219BEB}.Release|Any CPU.ActiveCfg = Release|Any CPU
		{CC2437E0-45E8-4FD2-8C2A-F2C9F7219BEB}.Release|Any CPU.Build.0 = Release|Any CPU
		{7C22305B-6FF7-4094-A65A-DBBFE9226B47}.Debug|Any CPU.ActiveCfg = Debug|Any CPU
		{7C22305B-6FF7-4094-A65A-DBBFE9226B47}.Debug|Any CPU.Build.0 = Debug|Any CPU
		{7C22305B-6FF7-4094-A65A-DBBFE9226B47}.Release|Any CPU.ActiveCfg = Release|Any CPU
		{7C22305B-6FF7-4094-A65A-DBBFE9226B47}.Release|Any CPU.Build.0 = Release|Any CPU
		{2C8CE8C7-C9BC-431C-825C-78B7E2B6EA3E}.Debug|Any CPU.ActiveCfg = Debug|Any CPU
		{2C8CE8C7-C9BC-431C-825C-78B7E2B6EA3E}.Debug|Any CPU.Build.0 = Debug|Any CPU
		{2C8CE8C7-C9BC-431C-825C-78B7E2B6EA3E}.Release|Any CPU.ActiveCfg = Release|Any CPU
		{2C8CE8C7-C9BC-431C-825C-78B7E2B6EA3E}.Release|Any CPU.Build.0 = Release|Any CPU
	EndGlobalSection
	GlobalSection(SolutionProperties) = preSolution
		HideSolutionNode = FALSE
	EndGlobalSection
	GlobalSection(ExtensibilityGlobals) = postSolution
		SolutionGuid = {0E8128D4-C4A1-499D-BDE1-18107370D55A}
	EndGlobalSection
EndGlobal
